
Microsoft Visual Studio Solution File, Format Version 12.00
# Visual Studio Version 17
VisualStudioVersion = 17.4.33110.190
MinimumVisualStudioVersion = 10.0.40219.1
Project("{FAE04EC0-301F-11D3-BF4B-00C04F79EFBC}") = "CrudFile", "CrudFile\CrudFile.csproj", "{7B05DCAC-9ACD-407D-A8EE-0FF92B41F37A}"
EndProject
Global
	GlobalSection(SolutionConfigurationPlatforms) = preSolution
		Debug|Any CPU = Debug|Any CPU
		Release|Any CPU = Release|Any CPU
	EndGlobalSection
	GlobalSection(ProjectConfigurationPlatforms) = postSolution
		{7B05DCAC-9ACD-407D-A8EE-0FF92B41F37A}.Debug|Any CPU.ActiveCfg = Debug|Any CPU
		{7B05DCAC-9ACD-407D-A8EE-0FF92B41F37A}.Debug|Any CPU.Build.0 = Debug|Any CPU
		{7B05DCAC-9ACD-407D-A8EE-0FF92B41F37A}.Release|Any CPU.ActiveCfg = Release|Any CPU
		{7B05DCAC-9ACD-407D-A8EE-0FF92B41F37A}.Release|Any CPU.Build.0 = Release|Any CPU
	EndGlobalSection
	GlobalSection(SolutionProperties) = preSolution
		HideSolutionNode = FALSE
	EndGlobalSection
	GlobalSection(ExtensibilityGlobals) = postSolution
		SolutionGuid = {E0E42674-6F59-4734-AEF1-D205A5D6345E}
	EndGlobalSection
EndGlobal
